
Microsoft Visual Studio Solution File, Format Version 12.00
# Visual Studio Version 16
VisualStudioVersion = 16.0.31129.286
MinimumVisualStudioVersion = 10.0.40219.1
Project("{9A19103F-16F7-4668-BE54-9A1E7A4F7556}") = "Kursayin demo1", "Kursayin demo1\Kursayin demo1.csproj", "{8B165B4C-C6AE-40B1-BCAE-22A7C6F11270}"
EndProject
Global
	GlobalSection(SolutionConfigurationPlatforms) = preSolution
		Debug|Any CPU = Debug|Any CPU
		Release|Any CPU = Release|Any CPU
	EndGlobalSection
	GlobalSection(ProjectConfigurationPlatforms) = postSolution
		{8B165B4C-C6AE-40B1-BCAE-22A7C6F11270}.Debug|Any CPU.ActiveCfg = Debug|Any CPU
		{8B165B4C-C6AE-40B1-BCAE-22A7C6F11270}.Debug|Any CPU.Build.0 = Debug|Any CPU
		{8B165B4C-C6AE-40B1-BCAE-22A7C6F11270}.Release|Any CPU.ActiveCfg = Release|Any CPU
		{8B165B4C-C6AE-40B1-BCAE-22A7C6F11270}.Release|Any CPU.Build.0 = Release|Any CPU
	EndGlobalSection
	GlobalSection(SolutionProperties) = preSolution
		HideSolutionNode = FALSE
	EndGlobalSection
	GlobalSection(ExtensibilityGlobals) = postSolution
		SolutionGuid = {BDCA95F9-1659-427D-B382-942661FFE218}
	EndGlobalSection
EndGlobal
